
Microsoft Visual Studio Solution File, Format Version 12.00
# Visual Studio 2013
VisualStudioVersion = 12.0.31101.0
MinimumVisualStudioVersion = 10.0.40219.1
Project("{9092AA53-FB77-4645-B42D-1CCCA6BD08BD}") = "socketio1", "socketio1\socketio1.njsproj", "{9E9E31F5-D7F5-4C00-97AE-CDCC20C3F08A}"
EndProject
Project("{FAE04EC0-301F-11D3-BF4B-00C04F79EFBC}") = "Client", "Client\Client.csproj", "{7C2839C4-38DB-4592-9D9E-5A7507A356E2}"
EndProject
Global
	GlobalSection(SolutionConfigurationPlatforms) = preSolution
		Debug|Any CPU = Debug|Any CPU
		Release|Any CPU = Release|Any CPU
	EndGlobalSection
	GlobalSection(ProjectConfigurationPlatforms) = postSolution
		{9E9E31F5-D7F5-4C00-97AE-CDCC20C3F08A}.Debug|Any CPU.ActiveCfg = Debug|Any CPU
		{9E9E31F5-D7F5-4C00-97AE-CDCC20C3F08A}.Debug|Any CPU.Build.0 = Debug|Any CPU
		{9E9E31F5-D7F5-4C00-97AE-CDCC20C3F08A}.Release|Any CPU.ActiveCfg = Release|Any CPU
		{9E9E31F5-D7F5-4C00-97AE-CDCC20C3F08A}.Release|Any CPU.Build.0 = Release|Any CPU
		{7C2839C4-38DB-4592-9D9E-5A7507A356E2}.Debug|Any CPU.ActiveCfg = Debug|Any CPU
		{7C2839C4-38DB-4592-9D9E-5A7507A356E2}.Debug|Any CPU.Build.0 = Debug|Any CPU
		{7C2839C4-38DB-4592-9D9E-5A7507A356E2}.Release|Any CPU.ActiveCfg = Release|Any CPU
		{7C2839C4-38DB-4592-9D9E-5A7507A356E2}.Release|Any CPU.Build.0 = Release|Any CPU
	EndGlobalSection
	GlobalSection(SolutionProperties) = preSolution
		HideSolutionNode = FALSE
	EndGlobalSection
EndGlobal
